
Microsoft Visual Studio Solution File, Format Version 12.00
# Visual Studio Version 17
VisualStudioVersion = 17.2.32526.322
MinimumVisualStudioVersion = 10.0.40219.1
Project("{FAE04EC0-301F-11D3-BF4B-00C04F79EFBC}") = "SocialMediaAutomationTool", "SocialMediaAutomationTool\SocialMediaAutomationTool.csproj", "{AF7CA883-1813-464F-943B-BD583B526DDA}"
EndProject
Global
	GlobalSection(SolutionConfigurationPlatforms) = preSolution
		Debug|Any CPU = Debug|Any CPU
		Release|Any CPU = Release|Any CPU
	EndGlobalSection
	GlobalSection(ProjectConfigurationPlatforms) = postSolution
		{AF7CA883-1813-464F-943B-BD583B526DDA}.Debug|Any CPU.ActiveCfg = Debug|Any CPU
		{AF7CA883-1813-464F-943B-BD583B526DDA}.Debug|Any CPU.Build.0 = Debug|Any CPU
		{AF7CA883-1813-464F-943B-BD583B526DDA}.Release|Any CPU.ActiveCfg = Release|Any CPU
		{AF7CA883-1813-464F-943B-BD583B526DDA}.Release|Any CPU.Build.0 = Release|Any CPU
	EndGlobalSection
	GlobalSection(SolutionProperties) = preSolution
		HideSolutionNode = FALSE
	EndGlobalSection
	GlobalSection(ExtensibilityGlobals) = postSolution
		SolutionGuid = {DCD2C923-0421-48CB-8F3E-F419CD1EC865}
	EndGlobalSection
EndGlobal
